
Microsoft Visual Studio Solution File, Format Version 12.00
# Visual Studio Version 17
VisualStudioVersion = 17.11.35327.3
MinimumVisualStudioVersion = 10.0.40219.1
Project("{FAE04EC0-301F-11D3-BF4B-00C04F79EFBC}") = "MasjidOnline.Api.Web", "MasjidOnline.Api.Web\MasjidOnline.Api.Web.csproj", "{86C5F90E-1610-45D1-A323-366CEEFF5C7A}"
EndProject
Project("{FAE04EC0-301F-11D3-BF4B-00C04F79EFBC}") = "MasjidOnline.Api.Model", "MasjidOnline.Api.Model\MasjidOnline.Api.Model.csproj", "{48951FEE-122C-497D-A269-0E0D6809A716}"
EndProject
Project("{FAE04EC0-301F-11D3-BF4B-00C04F79EFBC}") = "MasjidOnline.Data", "MasjidOnline.Data\MasjidOnline.Data.csproj", "{68E142D7-F104-4655-BE96-4C33891C19C1}"
EndProject
Project("{FAE04EC0-301F-11D3-BF4B-00C04F79EFBC}") = "MasjidOnline.Data.EntityFramework", "MasjidOnline.Data.EntityFramework\MasjidOnline.Data.EntityFramework.csproj", "{28E366D3-361D-4A53-A664-6D6DE75AE2B9}"
EndProject
Project("{FAE04EC0-301F-11D3-BF4B-00C04F79EFBC}") = "MasjidOnline.Data.EntityFramework.SqLite", "MasjidOnline.Data.EntityFramework.SqLite\MasjidOnline.Data.EntityFramework.SqLite.csproj", "{D741C538-C17E-4E77-B85B-F610B5D3D819}"
EndProject
Project("{FAE04EC0-301F-11D3-BF4B-00C04F79EFBC}") = "MasjidOnline.Data.Interface", "MasjidOnline.Data.Interface\MasjidOnline.Data.Interface.csproj", "{CE9A563A-0ED1-47AD-95E7-488B5EB2FF0F}"
EndProject
Project("{FAE04EC0-301F-11D3-BF4B-00C04F79EFBC}") = "MasjidOnline.Entity", "MasjidOnline.Entity\MasjidOnline.Entity.csproj", "{B2A147D3-EF60-4E54-A8F6-95D39E7E2C28}"
EndProject
Project("{FAE04EC0-301F-11D3-BF4B-00C04F79EFBC}") = "MasjidOnline.Service.Captcha", "MasjidOnline.Service.Captcha\MasjidOnline.Service.Captcha.csproj", "{DBAFD5F2-BCD1-40BF-A883-935F9E03CC70}"
EndProject
Project("{FAE04EC0-301F-11D3-BF4B-00C04F79EFBC}") = "MasjidOnline.Service.Captcha.Interface", "MasjidOnline.Service.Captcha.Interface\MasjidOnline.Service.Captcha.Interface.csproj", "{7D5816CE-24A0-4D7C-A063-94BEC186A006}"
EndProject
Project("{FAE04EC0-301F-11D3-BF4B-00C04F79EFBC}") = "MasjidOnline.Service.Captcha.Model", "MasjidOnline.Service.Captcha.Model\MasjidOnline.Service.Captcha.Model.csproj", "{0CF1F1E3-1AA0-478A-BE6B-B9AD785BFCAB}"
EndProject
Project("{FAE04EC0-301F-11D3-BF4B-00C04F79EFBC}") = "MasjidOnline.Business.Donation", "MasjidOnline.Business.Donation\MasjidOnline.Business.Donation.csproj", "{8E56A3AB-158B-453A-B747-631CE496DB6E}"
EndProject
Project("{FAE04EC0-301F-11D3-BF4B-00C04F79EFBC}") = "MasjidOnline.Business.Donation.Interface", "MasjidOnline.Business.Donation.Interface\MasjidOnline.Business.Donation.Interface.csproj", "{B979E9C7-35EB-4C3F-BDCE-7F89D50E41E1}"
EndProject
Project("{FAE04EC0-301F-11D3-BF4B-00C04F79EFBC}") = "MasjidOnline.Business.User", "MasjidOnline.Business.User\MasjidOnline.Business.User.csproj", "{EF410C23-78CD-4924-A083-DC1F0606E32E}"
EndProject
Project("{FAE04EC0-301F-11D3-BF4B-00C04F79EFBC}") = "MasjidOnline.Business.User.Interface", "MasjidOnline.Business.User.Interface\MasjidOnline.Business.User.Interface.csproj", "{EFFE5EE5-A934-44D0-BEB8-096C59BD007C}"
EndProject
Project("{FAE04EC0-301F-11D3-BF4B-00C04F79EFBC}") = "MasjidOnline.Service.Hash512", "MasjidOnline.Service.Hash512\MasjidOnline.Service.Hash512.csproj", "{5AD118F6-BB54-47BA-8DD5-236BF4A5B8B2}"
EndProject
Project("{FAE04EC0-301F-11D3-BF4B-00C04F79EFBC}") = "MasjidOnline.Service.Hash512.Model", "MasjidOnline.Service.Hash512.Model\MasjidOnline.Service.Hash512.Model.csproj", "{0A6E4996-484B-437F-B57C-7CD5A7FC0189}"
EndProject
Project("{FAE04EC0-301F-11D3-BF4B-00C04F79EFBC}") = "MasjidOnline.Service.Hash512.Interface", "MasjidOnline.Service.Hash512.Interface\MasjidOnline.Service.Hash512.Interface.csproj", "{8D90AE91-D2FE-40FD-8803-64936DD4BA19}"
EndProject
Project("{FAE04EC0-301F-11D3-BF4B-00C04F79EFBC}") = "MasjidOnline.Business.Captcha", "MasjidOnline.Business.Captcha\MasjidOnline.Business.Captcha.csproj", "{47BFCA5F-D597-427D-9597-32C4B46D54CA}"
EndProject
Project("{FAE04EC0-301F-11D3-BF4B-00C04F79EFBC}") = "MasjidOnline.Business.Captcha.Interface", "MasjidOnline.Business.Captcha.Interface\MasjidOnline.Business.Captcha.Interface.csproj", "{9442A3BA-6171-4E01-A322-D5A83800C1B7}"
EndProject
Project("{FAE04EC0-301F-11D3-BF4B-00C04F79EFBC}") = "MasjidOnline.Data.Model", "MasjidOnline.Data.Model\MasjidOnline.Data.Model.csproj", "{184F371C-612F-4A4B-97FB-4CE5702437E7}"
EndProject
Global
	GlobalSection(SolutionConfigurationPlatforms) = preSolution
		Debug|Any CPU = Debug|Any CPU
		Release|Any CPU = Release|Any CPU
	EndGlobalSection
	GlobalSection(ProjectConfigurationPlatforms) = postSolution
		{86C5F90E-1610-45D1-A323-366CEEFF5C7A}.Debug|Any CPU.ActiveCfg = Debug|Any CPU
		{86C5F90E-1610-45D1-A323-366CEEFF5C7A}.Debug|Any CPU.Build.0 = Debug|Any CPU
		{86C5F90E-1610-45D1-A323-366CEEFF5C7A}.Release|Any CPU.ActiveCfg = Release|Any CPU
		{86C5F90E-1610-45D1-A323-366CEEFF5C7A}.Release|Any CPU.Build.0 = Release|Any CPU
		{48951FEE-122C-497D-A269-0E0D6809A716}.Debug|Any CPU.ActiveCfg = Debug|Any CPU
		{48951FEE-122C-497D-A269-0E0D6809A716}.Debug|Any CPU.Build.0 = Debug|Any CPU
		{48951FEE-122C-497D-A269-0E0D6809A716}.Release|Any CPU.ActiveCfg = Release|Any CPU
		{48951FEE-122C-497D-A269-0E0D6809A716}.Release|Any CPU.Build.0 = Release|Any CPU
		{68E142D7-F104-4655-BE96-4C33891C19C1}.Debug|Any CPU.ActiveCfg = Debug|Any CPU
		{68E142D7-F104-4655-BE96-4C33891C19C1}.Debug|Any CPU.Build.0 = Debug|Any CPU
		{68E142D7-F104-4655-BE96-4C33891C19C1}.Release|Any CPU.ActiveCfg = Release|Any CPU
		{68E142D7-F104-4655-BE96-4C33891C19C1}.Release|Any CPU.Build.0 = Release|Any CPU
		{28E366D3-361D-4A53-A664-6D6DE75AE2B9}.Debug|Any CPU.ActiveCfg = Debug|Any CPU
		{28E366D3-361D-4A53-A664-6D6DE75AE2B9}.Debug|Any CPU.Build.0 = Debug|Any CPU
		{28E366D3-361D-4A53-A664-6D6DE75AE2B9}.Release|Any CPU.ActiveCfg = Release|Any CPU
		{28E366D3-361D-4A53-A664-6D6DE75AE2B9}.Release|Any CPU.Build.0 = Release|Any CPU
		{D741C538-C17E-4E77-B85B-F610B5D3D819}.Debug|Any CPU.ActiveCfg = Debug|Any CPU
		{D741C538-C17E-4E77-B85B-F610B5D3D819}.Debug|Any CPU.Build.0 = Debug|Any CPU
		{D741C538-C17E-4E77-B85B-F610B5D3D819}.Release|Any CPU.ActiveCfg = Release|Any CPU
		{D741C538-C17E-4E77-B85B-F610B5D3D819}.Release|Any CPU.Build.0 = Release|Any CPU
		{CE9A563A-0ED1-47AD-95E7-488B5EB2FF0F}.Debug|Any CPU.ActiveCfg = Debug|Any CPU
		{CE9A563A-0ED1-47AD-95E7-488B5EB2FF0F}.Debug|Any CPU.Build.0 = Debug|Any CPU
		{CE9A563A-0ED1-47AD-95E7-488B5EB2FF0F}.Release|Any CPU.ActiveCfg = Release|Any CPU
		{CE9A563A-0ED1-47AD-95E7-488B5EB2FF0F}.Release|Any CPU.Build.0 = Release|Any CPU
		{B2A147D3-EF60-4E54-A8F6-95D39E7E2C28}.Debug|Any CPU.ActiveCfg = Debug|Any CPU
		{B2A147D3-EF60-4E54-A8F6-95D39E7E2C28}.Debug|Any CPU.Build.0 = Debug|Any CPU
		{B2A147D3-EF60-4E54-A8F6-95D39E7E2C28}.Release|Any CPU.ActiveCfg = Release|Any CPU
		{B2A147D3-EF60-4E54-A8F6-95D39E7E2C28}.Release|Any CPU.Build.0 = Release|Any CPU
		{DBAFD5F2-BCD1-40BF-A883-935F9E03CC70}.Debug|Any CPU.ActiveCfg = Debug|Any CPU
		{DBAFD5F2-BCD1-40BF-A883-935F9E03CC70}.Debug|Any CPU.Build.0 = Debug|Any CPU
		{DBAFD5F2-BCD1-40BF-A883-935F9E03CC70}.Release|Any CPU.ActiveCfg = Release|Any CPU
		{DBAFD5F2-BCD1-40BF-A883-935F9E03CC70}.Release|Any CPU.Build.0 = Release|Any CPU
		{7D5816CE-24A0-4D7C-A063-94BEC186A006}.Debug|Any CPU.ActiveCfg = Debug|Any CPU
		{7D5816CE-24A0-4D7C-A063-94BEC186A006}.Debug|Any CPU.Build.0 = Debug|Any CPU
		{7D5816CE-24A0-4D7C-A063-94BEC186A006}.Release|Any CPU.ActiveCfg = Release|Any CPU
		{7D5816CE-24A0-4D7C-A063-94BEC186A006}.Release|Any CPU.Build.0 = Release|Any CPU
		{0CF1F1E3-1AA0-478A-BE6B-B9AD785BFCAB}.Debug|Any CPU.ActiveCfg = Debug|Any CPU
		{0CF1F1E3-1AA0-478A-BE6B-B9AD785BFCAB}.Debug|Any CPU.Build.0 = Debug|Any CPU
		{0CF1F1E3-1AA0-478A-BE6B-B9AD785BFCAB}.Release|Any CPU.ActiveCfg = Release|Any CPU
		{0CF1F1E3-1AA0-478A-BE6B-B9AD785BFCAB}.Release|Any CPU.Build.0 = Release|Any CPU
		{8E56A3AB-158B-453A-B747-631CE496DB6E}.Debug|Any CPU.ActiveCfg = Debug|Any CPU
		{8E56A3AB-158B-453A-B747-631CE496DB6E}.Debug|Any CPU.Build.0 = Debug|Any CPU
		{8E56A3AB-158B-453A-B747-631CE496DB6E}.Release|Any CPU.ActiveCfg = Release|Any CPU
		{8E56A3AB-158B-453A-B747-631CE496DB6E}.Release|Any CPU.Build.0 = Release|Any CPU
		{B979E9C7-35EB-4C3F-BDCE-7F89D50E41E1}.Debug|Any CPU.ActiveCfg = Debug|Any CPU
		{B979E9C7-35EB-4C3F-BDCE-7F89D50E41E1}.Debug|Any CPU.Build.0 = Debug|Any CPU
		{B979E9C7-35EB-4C3F-BDCE-7F89D50E41E1}.Release|Any CPU.ActiveCfg = Release|Any CPU
		{B979E9C7-35EB-4C3F-BDCE-7F89D50E41E1}.Release|Any CPU.Build.0 = Release|Any CPU
		{EF410C23-78CD-4924-A083-DC1F0606E32E}.Debug|Any CPU.ActiveCfg = Debug|Any CPU
		{EF410C23-78CD-4924-A083-DC1F0606E32E}.Debug|Any CPU.Build.0 = Debug|Any CPU
		{EF410C23-78CD-4924-A083-DC1F0606E32E}.Release|Any CPU.ActiveCfg = Release|Any CPU
		{EF410C23-78CD-4924-A083-DC1F0606E32E}.Release|Any CPU.Build.0 = Release|Any CPU
		{EFFE5EE5-A934-44D0-BEB8-096C59BD007C}.Debug|Any CPU.ActiveCfg = Debug|Any CPU
		{EFFE5EE5-A934-44D0-BEB8-096C59BD007C}.Debug|Any CPU.Build.0 = Debug|Any CPU
		{EFFE5EE5-A934-44D0-BEB8-096C59BD007C}.Release|Any CPU.ActiveCfg = Release|Any CPU
		{EFFE5EE5-A934-44D0-BEB8-096C59BD007C}.Release|Any CPU.Build.0 = Release|Any CPU
		{5AD118F6-BB54-47BA-8DD5-236BF4A5B8B2}.Debug|Any CPU.ActiveCfg = Debug|Any CPU
		{5AD118F6-BB54-47BA-8DD5-236BF4A5B8B2}.Debug|Any CPU.Build.0 = Debug|Any CPU
		{5AD118F6-BB54-47BA-8DD5-236BF4A5B8B2}.Release|Any CPU.ActiveCfg = Release|Any CPU
		{5AD118F6-BB54-47BA-8DD5-236BF4A5B8B2}.Release|Any CPU.Build.0 = Release|Any CPU
		{0A6E4996-484B-437F-B57C-7CD5A7FC0189}.Debug|Any CPU.ActiveCfg = Debug|Any CPU
		{0A6E4996-484B-437F-B57C-7CD5A7FC0189}.Debug|Any CPU.Build.0 = Debug|Any CPU
		{0A6E4996-484B-437F-B57C-7CD5A7FC0189}.Release|Any CPU.ActiveCfg = Release|Any CPU
		{0A6E4996-484B-437F-B57C-7CD5A7FC0189}.Release|Any CPU.Build.0 = Release|Any CPU
		{8D90AE91-D2FE-40FD-8803-64936DD4BA19}.Debug|Any CPU.ActiveCfg = Debug|Any CPU
		{8D90AE91-D2FE-40FD-8803-64936DD4BA19}.Debug|Any CPU.Build.0 = Debug|Any CPU
		{8D90AE91-D2FE-40FD-8803-64936DD4BA19}.Release|Any CPU.ActiveCfg = Release|Any CPU
		{8D90AE91-D2FE-40FD-8803-64936DD4BA19}.Release|Any CPU.Build.0 = Release|Any CPU
		{47BFCA5F-D597-427D-9597-32C4B46D54CA}.Debug|Any CPU.ActiveCfg = Debug|Any CPU
		{47BFCA5F-D597-427D-9597-32C4B46D54CA}.Debug|Any CPU.Build.0 = Debug|Any CPU
		{47BFCA5F-D597-427D-9597-32C4B46D54CA}.Release|Any CPU.ActiveCfg = Release|Any CPU
		{47BFCA5F-D597-427D-9597-32C4B46D54CA}.Release|Any CPU.Build.0 = Release|Any CPU
		{9442A3BA-6171-4E01-A322-D5A83800C1B7}.Debug|Any CPU.ActiveCfg = Debug|Any CPU
		{9442A3BA-6171-4E01-A322-D5A83800C1B7}.Debug|Any CPU.Build.0 = Debug|Any CPU
		{9442A3BA-6171-4E01-A322-D5A83800C1B7}.Release|Any CPU.ActiveCfg = Release|Any CPU
		{9442A3BA-6171-4E01-A322-D5A83800C1B7}.Release|Any CPU.Build.0 = Release|Any CPU
		{184F371C-612F-4A4B-97FB-4CE5702437E7}.Debug|Any CPU.ActiveCfg = Debug|Any CPU
		{184F371C-612F-4A4B-97FB-4CE5702437E7}.Debug|Any CPU.Build.0 = Debug|Any CPU
		{184F371C-612F-4A4B-97FB-4CE5702437E7}.Release|Any CPU.ActiveCfg = Release|Any CPU
		{184F371C-612F-4A4B-97FB-4CE5702437E7}.Release|Any CPU.Build.0 = Release|Any CPU
	EndGlobalSection
	GlobalSection(SolutionProperties) = preSolution
		HideSolutionNode = FALSE
	EndGlobalSection
	GlobalSection(ExtensibilityGlobals) = postSolution
		SolutionGuid = {E21BDE61-C24C-41E1-87AC-909B6CE35E70}
	EndGlobalSection
EndGlobal
