
Microsoft Visual Studio Solution File, Format Version 12.00
# Visual Studio Version 17
VisualStudioVersion = 17.11.35327.3
MinimumVisualStudioVersion = 10.0.40219.1
Project("{FAE04EC0-301F-11D3-BF4B-00C04F79EFBC}") = "MasjidOnline.Api.Web", "MasjidOnline.Api.Web\MasjidOnline.Api.Web.csproj", "{86C5F90E-1610-45D1-A323-366CEEFF5C7A}"
EndProject
Project("{FAE04EC0-301F-11D3-BF4B-00C04F79EFBC}") = "MasjidOnline.Api.Model", "MasjidOnline.Api.Model\MasjidOnline.Api.Model.csproj", "{48951FEE-122C-497D-A269-0E0D6809A716}"
EndProject
Project("{FAE04EC0-301F-11D3-BF4B-00C04F79EFBC}") = "MasjidOnline.Business", "MasjidOnline.Business\MasjidOnline.Business.csproj", "{A80AA91D-AD5D-4865-83CF-C4E9A979CB9E}"
EndProject
Project("{FAE04EC0-301F-11D3-BF4B-00C04F79EFBC}") = "MasjidOnline.Business.Interface", "MasjidOnline.Business.Interface\MasjidOnline.Business.Interface.csproj", "{1AE01BB6-4C00-48AC-9D69-A77595B1BD25}"
EndProject
Project("{FAE04EC0-301F-11D3-BF4B-00C04F79EFBC}") = "MasjidOnline.Data", "MasjidOnline.Data\MasjidOnline.Data.csproj", "{68E142D7-F104-4655-BE96-4C33891C19C1}"
EndProject
Project("{FAE04EC0-301F-11D3-BF4B-00C04F79EFBC}") = "MasjidOnline.Data.EntityFramework", "MasjidOnline.Data.EntityFramework\MasjidOnline.Data.EntityFramework.csproj", "{28E366D3-361D-4A53-A664-6D6DE75AE2B9}"
EndProject
Project("{FAE04EC0-301F-11D3-BF4B-00C04F79EFBC}") = "MasjidOnline.Data.EntityFramework.SqLite", "MasjidOnline.Data.EntityFramework.SqLite\MasjidOnline.Data.EntityFramework.SqLite.csproj", "{D741C538-C17E-4E77-B85B-F610B5D3D819}"
EndProject
Project("{FAE04EC0-301F-11D3-BF4B-00C04F79EFBC}") = "MasjidOnline.Data.Interface", "MasjidOnline.Data.Interface\MasjidOnline.Data.Interface.csproj", "{CE9A563A-0ED1-47AD-95E7-488B5EB2FF0F}"
EndProject
Project("{FAE04EC0-301F-11D3-BF4B-00C04F79EFBC}") = "MasjidOnline.Entity", "MasjidOnline.Entity\MasjidOnline.Entity.csproj", "{B2A147D3-EF60-4E54-A8F6-95D39E7E2C28}"
EndProject
Global
	GlobalSection(SolutionConfigurationPlatforms) = preSolution
		Debug|Any CPU = Debug|Any CPU
		Release|Any CPU = Release|Any CPU
	EndGlobalSection
	GlobalSection(ProjectConfigurationPlatforms) = postSolution
		{86C5F90E-1610-45D1-A323-366CEEFF5C7A}.Debug|Any CPU.ActiveCfg = Debug|Any CPU
		{86C5F90E-1610-45D1-A323-366CEEFF5C7A}.Debug|Any CPU.Build.0 = Debug|Any CPU
		{86C5F90E-1610-45D1-A323-366CEEFF5C7A}.Release|Any CPU.ActiveCfg = Release|Any CPU
		{86C5F90E-1610-45D1-A323-366CEEFF5C7A}.Release|Any CPU.Build.0 = Release|Any CPU
		{48951FEE-122C-497D-A269-0E0D6809A716}.Debug|Any CPU.ActiveCfg = Debug|Any CPU
		{48951FEE-122C-497D-A269-0E0D6809A716}.Debug|Any CPU.Build.0 = Debug|Any CPU
		{48951FEE-122C-497D-A269-0E0D6809A716}.Release|Any CPU.ActiveCfg = Release|Any CPU
		{48951FEE-122C-497D-A269-0E0D6809A716}.Release|Any CPU.Build.0 = Release|Any CPU
		{A80AA91D-AD5D-4865-83CF-C4E9A979CB9E}.Debug|Any CPU.ActiveCfg = Debug|Any CPU
		{A80AA91D-AD5D-4865-83CF-C4E9A979CB9E}.Debug|Any CPU.Build.0 = Debug|Any CPU
		{A80AA91D-AD5D-4865-83CF-C4E9A979CB9E}.Release|Any CPU.ActiveCfg = Release|Any CPU
		{A80AA91D-AD5D-4865-83CF-C4E9A979CB9E}.Release|Any CPU.Build.0 = Release|Any CPU
		{1AE01BB6-4C00-48AC-9D69-A77595B1BD25}.Debug|Any CPU.ActiveCfg = Debug|Any CPU
		{1AE01BB6-4C00-48AC-9D69-A77595B1BD25}.Debug|Any CPU.Build.0 = Debug|Any CPU
		{1AE01BB6-4C00-48AC-9D69-A77595B1BD25}.Release|Any CPU.ActiveCfg = Release|Any CPU
		{1AE01BB6-4C00-48AC-9D69-A77595B1BD25}.Release|Any CPU.Build.0 = Release|Any CPU
		{68E142D7-F104-4655-BE96-4C33891C19C1}.Debug|Any CPU.ActiveCfg = Debug|Any CPU
		{68E142D7-F104-4655-BE96-4C33891C19C1}.Debug|Any CPU.Build.0 = Debug|Any CPU
		{68E142D7-F104-4655-BE96-4C33891C19C1}.Release|Any CPU.ActiveCfg = Release|Any CPU
		{68E142D7-F104-4655-BE96-4C33891C19C1}.Release|Any CPU.Build.0 = Release|Any CPU
		{28E366D3-361D-4A53-A664-6D6DE75AE2B9}.Debug|Any CPU.ActiveCfg = Debug|Any CPU
		{28E366D3-361D-4A53-A664-6D6DE75AE2B9}.Debug|Any CPU.Build.0 = Debug|Any CPU
		{28E366D3-361D-4A53-A664-6D6DE75AE2B9}.Release|Any CPU.ActiveCfg = Release|Any CPU
		{28E366D3-361D-4A53-A664-6D6DE75AE2B9}.Release|Any CPU.Build.0 = Release|Any CPU
		{D741C538-C17E-4E77-B85B-F610B5D3D819}.Debug|Any CPU.ActiveCfg = Debug|Any CPU
		{D741C538-C17E-4E77-B85B-F610B5D3D819}.Debug|Any CPU.Build.0 = Debug|Any CPU
		{D741C538-C17E-4E77-B85B-F610B5D3D819}.Release|Any CPU.ActiveCfg = Release|Any CPU
		{D741C538-C17E-4E77-B85B-F610B5D3D819}.Release|Any CPU.Build.0 = Release|Any CPU
		{CE9A563A-0ED1-47AD-95E7-488B5EB2FF0F}.Debug|Any CPU.ActiveCfg = Debug|Any CPU
		{CE9A563A-0ED1-47AD-95E7-488B5EB2FF0F}.Debug|Any CPU.Build.0 = Debug|Any CPU
		{CE9A563A-0ED1-47AD-95E7-488B5EB2FF0F}.Release|Any CPU.ActiveCfg = Release|Any CPU
		{CE9A563A-0ED1-47AD-95E7-488B5EB2FF0F}.Release|Any CPU.Build.0 = Release|Any CPU
		{B2A147D3-EF60-4E54-A8F6-95D39E7E2C28}.Debug|Any CPU.ActiveCfg = Debug|Any CPU
		{B2A147D3-EF60-4E54-A8F6-95D39E7E2C28}.Debug|Any CPU.Build.0 = Debug|Any CPU
		{B2A147D3-EF60-4E54-A8F6-95D39E7E2C28}.Release|Any CPU.ActiveCfg = Release|Any CPU
		{B2A147D3-EF60-4E54-A8F6-95D39E7E2C28}.Release|Any CPU.Build.0 = Release|Any CPU
	EndGlobalSection
	GlobalSection(SolutionProperties) = preSolution
		HideSolutionNode = FALSE
	EndGlobalSection
	GlobalSection(ExtensibilityGlobals) = postSolution
		SolutionGuid = {E21BDE61-C24C-41E1-87AC-909B6CE35E70}
	EndGlobalSection
EndGlobal
